// !$*UTF8*$!
{
	archiveVersion = 1;
	classes = {
	};
	objectVersion = 46;
	objects = {

/* Begin PBXBuildFile section */
		8421E19D1F9A1FA10039D49E /* Main.storyboard in Resources */ = {isa = PBXBuildFile; fileRef = 8421E19B1F9A1FA10039D49E /* Main.storyboard */; };
		8421E1A21F9A1FA10039D49E /* LaunchScreen.storyboard in Resources */ = {isa = PBXBuildFile; fileRef = 8421E1A01F9A1FA10039D49E /* LaunchScreen.storyboard */; };
		8421E1DB1F9A20DF0039D49E /* AppDelegate.swift in Sources */ = {isa = PBXBuildFile; fileRef = 8421E1AA1F9A20DF0039D49E /* AppDelegate.swift */; };
		8421E1DD1F9A20DF0039D49E /* LaunchScreen.storyboard in Resources */ = {isa = PBXBuildFile; fileRef = 8421E1AD1F9A20DF0039D49E /* LaunchScreen.storyboard */; };
		8421E1DE1F9A20DF0039D49E /* Main.storyboard in Resources */ = {isa = PBXBuildFile; fileRef = 8421E1AF1F9A20DF0039D49E /* Main.storyboard */; };
		8421E1DF1F9A20DF0039D49E /* ChangePasswordTableViewController.swift in Sources */ = {isa = PBXBuildFile; fileRef = 8421E1B21F9A20DF0039D49E /* ChangePasswordTableViewController.swift */; };
		8421E1E01F9A20DF0039D49E /* ForgotPasswordTableViewController.swift in Sources */ = {isa = PBXBuildFile; fileRef = 8421E1B31F9A20DF0039D49E /* ForgotPasswordTableViewController.swift */; };
		8421E1E11F9A20DF0039D49E /* HomeTableViewController.swift in Sources */ = {isa = PBXBuildFile; fileRef = 8421E1B41F9A20DF0039D49E /* HomeTableViewController.swift */; };
		8421E1E21F9A20DF0039D49E /* HomeViewController.swift in Sources */ = {isa = PBXBuildFile; fileRef = 8421E1B51F9A20DF0039D49E /* HomeViewController.swift */; };
		8421E1E31F9A20DF0039D49E /* LoginTableViewController.swift in Sources */ = {isa = PBXBuildFile; fileRef = 8421E1B61F9A20DF0039D49E /* LoginTableViewController.swift */; };
		8421E1E41F9A20DF0039D49E /* OTPViewController.swift in Sources */ = {isa = PBXBuildFile; fileRef = 8421E1B71F9A20DF0039D49E /* OTPViewController.swift */; };
		8421E1E51F9A20DF0039D49E /* VerifyOTPViewController.swift in Sources */ = {isa = PBXBuildFile; fileRef = 8421E1B81F9A20DF0039D49E /* VerifyOTPViewController.swift */; };
		8421E1E61F9A20DF0039D49E /* ChangePasswordModel.swift in Sources */ = {isa = PBXBuildFile; fileRef = 8421E1BA1F9A20DF0039D49E /* ChangePasswordModel.swift */; };
		8421E1E71F9A20DF0039D49E /* ErrorModel.swift in Sources */ = {isa = PBXBuildFile; fileRef = 8421E1BB1F9A20DF0039D49E /* ErrorModel.swift */; };
		8421E1E81F9A20DF0039D49E /* ImageModel.swift in Sources */ = {isa = PBXBuildFile; fileRef = 8421E1BC1F9A20DF0039D49E /* ImageModel.swift */; };
		8421E1E91F9A20DF0039D49E /* IsSuccessModel.swift in Sources */ = {isa = PBXBuildFile; fileRef = 8421E1BD1F9A20DF0039D49E /* IsSuccessModel.swift */; };
		8421E1EA1F9A20DF0039D49E /* LoginModel.swift in Sources */ = {isa = PBXBuildFile; fileRef = 8421E1BE1F9A20DF0039D49E /* LoginModel.swift */; };
		8421E1EB1F9A20DF0039D49E /* RequestPasswordChangeModel.swift in Sources */ = {isa = PBXBuildFile; fileRef = 8421E1BF1F9A20DF0039D49E /* RequestPasswordChangeModel.swift */; };
		8421E1EC1F9A20DF0039D49E /* SaveRestaurantModel.swift in Sources */ = {isa = PBXBuildFile; fileRef = 8421E1C01F9A20DF0039D49E /* SaveRestaurantModel.swift */; };
		8421E1ED1F9A20DF0039D49E /* SaveRestaurantResponse.swift in Sources */ = {isa = PBXBuildFile; fileRef = 8421E1C11F9A20DF0039D49E /* SaveRestaurantResponse.swift */; };
		8421E1EE1F9A20DF0039D49E /* SucessModel.swift in Sources */ = {isa = PBXBuildFile; fileRef = 8421E1C21F9A20DF0039D49E /* SucessModel.swift */; };
		8421E1EF1F9A20DF0039D49E /* UserModel.swift in Sources */ = {isa = PBXBuildFile; fileRef = 8421E1C31F9A20DF0039D49E /* UserModel.swift */; };
		8421E1F01F9A20DF0039D49E /* UserModelResponse.swift in Sources */ = {isa = PBXBuildFile; fileRef = 8421E1C41F9A20DF0039D49E /* UserModelResponse.swift */; };
		8421E1F11F9A20DF0039D49E /* VerifyOTPModel.swift in Sources */ = {isa = PBXBuildFile; fileRef = 8421E1C51F9A20DF0039D49E /* VerifyOTPModel.swift */; };
		8421E1F21F9A20DF0039D49E /* ChangePasswordService+POST.swift in Sources */ = {isa = PBXBuildFile; fileRef = 8421E1C71F9A20DF0039D49E /* ChangePasswordService+POST.swift */; };
		8421E1F31F9A20DF0039D49E /* ForgotPasswordService+POST.swift in Sources */ = {isa = PBXBuildFile; fileRef = 8421E1C81F9A20DF0039D49E /* ForgotPasswordService+POST.swift */; };
		8421E1F41F9A20DF0039D49E /* LoginService+POST.swift in Sources */ = {isa = PBXBuildFile; fileRef = 8421E1C91F9A20DF0039D49E /* LoginService+POST.swift */; };
		8421E1F51F9A20DF0039D49E /* LogoutService+PUT.swift in Sources */ = {isa = PBXBuildFile; fileRef = 8421E1CA1F9A20DF0039D49E /* LogoutService+PUT.swift */; };
		8421E1F61F9A20DF0039D49E /* RequestChangePasswordService+PUT.swift in Sources */ = {isa = PBXBuildFile; fileRef = 8421E1CB1F9A20DF0039D49E /* RequestChangePasswordService+PUT.swift */; };
		8421E1F71F9A20DF0039D49E /* RetryService+POST.swift in Sources */ = {isa = PBXBuildFile; fileRef = 8421E1CC1F9A20DF0039D49E /* RetryService+POST.swift */; };
		8421E1F81F9A20DF0039D49E /* SaveRestaurantService+POST.swift in Sources */ = {isa = PBXBuildFile; fileRef = 8421E1CD1F9A20DF0039D49E /* SaveRestaurantService+POST.swift */; };
		8421E1F91F9A20DF0039D49E /* UploadImageService+POST.swift in Sources */ = {isa = PBXBuildFile; fileRef = 8421E1CE1F9A20DF0039D49E /* UploadImageService+POST.swift */; };
		8421E1FA1F9A20DF0039D49E /* ValidateTokenService+GET.swift in Sources */ = {isa = PBXBuildFile; fileRef = 8421E1CF1F9A20DF0039D49E /* ValidateTokenService+GET.swift */; };
		8421E1FB1F9A20DF0039D49E /* VerifyOTPService+POST.swift in Sources */ = {isa = PBXBuildFile; fileRef = 8421E1D01F9A20DF0039D49E /* VerifyOTPService+POST.swift */; };
		8421E1FC1F9A20DF0039D49E /* AlertView+Helper.swift in Sources */ = {isa = PBXBuildFile; fileRef = 8421E1D21F9A20DF0039D49E /* AlertView+Helper.swift */; };
		8421E1FD1F9A20DF0039D49E /* BaseViewController.swift in Sources */ = {isa = PBXBuildFile; fileRef = 8421E1D31F9A20DF0039D49E /* BaseViewController.swift */; };
		8421E1FE1F9A20DF0039D49E /* Constants.swift in Sources */ = {isa = PBXBuildFile; fileRef = 8421E1D41F9A20DF0039D49E /* Constants.swift */; };
		8421E1FF1F9A20DF0039D49E /* DefaultsKeys.swift in Sources */ = {isa = PBXBuildFile; fileRef = 8421E1D51F9A20DF0039D49E /* DefaultsKeys.swift */; };
		8421E2001F9A20DF0039D49E /* GlossUtils.swift in Sources */ = {isa = PBXBuildFile; fileRef = 8421E1D61F9A20DF0039D49E /* GlossUtils.swift */; };
		8421E2021F9A20DF0039D49E /* LoginUtils.swift in Sources */ = {isa = PBXBuildFile; fileRef = 8421E1D81F9A20DF0039D49E /* LoginUtils.swift */; };
		8421E2031F9A20DF0039D49E /* StringExtension+Helper.swift in Sources */ = {isa = PBXBuildFile; fileRef = 8421E1D91F9A20DF0039D49E /* StringExtension+Helper.swift */; };
		8421E2041F9A20DF0039D49E /* UIImageView+Helper.swift in Sources */ = {isa = PBXBuildFile; fileRef = 8421E1DA1F9A20DF0039D49E /* UIImageView+Helper.swift */; };
		8421E2061F9A21110039D49E /* Assets.xcassets in Resources */ = {isa = PBXBuildFile; fileRef = 8421E2051F9A21110039D49E /* Assets.xcassets */; };
		8421E2081F9A27ED0039D49E /* ProgressBarView.swift in Sources */ = {isa = PBXBuildFile; fileRef = 8421E2071F9A27ED0039D49E /* ProgressBarView.swift */; };
		84C58B151FADC09600B83DC9 /* StartWorkingViewController.swift in Sources */ = {isa = PBXBuildFile; fileRef = 84C58B141FADC09600B83DC9 /* StartWorkingViewController.swift */; };
		84C58B171FADC1F800B83DC9 /* StartWorkingService+POST.swift in Sources */ = {isa = PBXBuildFile; fileRef = 84C58B161FADC1F800B83DC9 /* StartWorkingService+POST.swift */; };
		84C58B191FADC35B00B83DC9 /* AttendenceModel.swift in Sources */ = {isa = PBXBuildFile; fileRef = 84C58B181FADC35B00B83DC9 /* AttendenceModel.swift */; };
		84C58B1B1FADC6BB00B83DC9 /* AttendenceModelResponse.swift in Sources */ = {isa = PBXBuildFile; fileRef = 84C58B1A1FADC6BB00B83DC9 /* AttendenceModelResponse.swift */; };
		84C58B1D1FADCCD000B83DC9 /* EndWorkingService+POST.swift in Sources */ = {isa = PBXBuildFile; fileRef = 84C58B1C1FADCCD000B83DC9 /* EndWorkingService+POST.swift */; };
		84D870071FADAD8300F47702 /* LogoutSucessModel.swift in Sources */ = {isa = PBXBuildFile; fileRef = 84D870061FADAD8300F47702 /* LogoutSucessModel.swift */; };
		84DDFEC31FB6E23F00DFCAD1 /* PartnerTableViewCell.swift in Sources */ = {isa = PBXBuildFile; fileRef = 84DDFEC21FB6E23F00DFCAD1 /* PartnerTableViewCell.swift */; };
		84DDFEC51FB6E86800DFCAD1 /* PartnerService+GET.swift in Sources */ = {isa = PBXBuildFile; fileRef = 84DDFEC41FB6E86800DFCAD1 /* PartnerService+GET.swift */; };
		84DDFEC71FB6F58800DFCAD1 /* CategoryService+GET.swift in Sources */ = {isa = PBXBuildFile; fileRef = 84DDFEC61FB6F58800DFCAD1 /* CategoryService+GET.swift */; };
		84DDFEC91FB72C2D00DFCAD1 /* AddPartnerService+POST.swift in Sources */ = {isa = PBXBuildFile; fileRef = 84DDFEC81FB72C2D00DFCAD1 /* AddPartnerService+POST.swift */; };
		84DDFECB1FB78F9C00DFCAD1 /* FootPrintService+POST.swift in Sources */ = {isa = PBXBuildFile; fileRef = 84DDFECA1FB78F9C00DFCAD1 /* FootPrintService+POST.swift */; };
		84DDFECD1FB78FAB00DFCAD1 /* FootPrintModel.swift in Sources */ = {isa = PBXBuildFile; fileRef = 84DDFECC1FB78FAB00DFCAD1 /* FootPrintModel.swift */; };
		84DDFEFD1FBC494F00DFCAD1 /* FootPrintModelArray.swift in Sources */ = {isa = PBXBuildFile; fileRef = 84DDFEFC1FBC494F00DFCAD1 /* FootPrintModelArray.swift */; };
		D974AAF45F414F3B10BE5C75 /* Pods_MWM.framework in Frameworks */ = {isa = PBXBuildFile; fileRef = B30F5D7FC6735093ADFE217C /* Pods_MWM.framework */; };
/* End PBXBuildFile section */

/* Begin PBXFileReference section */
		47B5FC654CF90938F5FC2993 /* Pods-MWM.release.xcconfig */ = {isa = PBXFileReference; includeInIndex = 1; lastKnownFileType = text.xcconfig; name = "Pods-MWM.release.xcconfig"; path = "Pods/Target Support Files/Pods-MWM/Pods-MWM.release.xcconfig"; sourceTree = "<group>"; };
		8421E1941F9A1FA10039D49E /* MWM.app */ = {isa = PBXFileReference; explicitFileType = wrapper.application; includeInIndex = 0; path = MWM.app; sourceTree = BUILT_PRODUCTS_DIR; };
		8421E19C1F9A1FA10039D49E /* Base */ = {isa = PBXFileReference; lastKnownFileType = file.storyboard; name = Base; path = Base.lproj/Main.storyboard; sourceTree = "<group>"; };
		8421E1A11F9A1FA10039D49E /* Base */ = {isa = PBXFileReference; lastKnownFileType = file.storyboard; name = Base; path = Base.lproj/LaunchScreen.storyboard; sourceTree = "<group>"; };
		8421E1A31F9A1FA10039D49E /* Info.plist */ = {isa = PBXFileReference; lastKnownFileType = text.plist.xml; path = Info.plist; sourceTree = "<group>"; };
		8421E1AA1F9A20DF0039D49E /* AppDelegate.swift */ = {isa = PBXFileReference; fileEncoding = 4; lastKnownFileType = sourcecode.swift; path = AppDelegate.swift; sourceTree = "<group>"; };
		8421E1AE1F9A20DF0039D49E /* Base */ = {isa = PBXFileReference; lastKnownFileType = file.storyboard; name = Base; path = LaunchScreen.storyboard; sourceTree = "<group>"; };
		8421E1B01F9A20DF0039D49E /* Base */ = {isa = PBXFileReference; lastKnownFileType = file.storyboard; name = Base; path = Main.storyboard; sourceTree = "<group>"; };
		8421E1B21F9A20DF0039D49E /* ChangePasswordTableViewController.swift */ = {isa = PBXFileReference; fileEncoding = 4; lastKnownFileType = sourcecode.swift; path = ChangePasswordTableViewController.swift; sourceTree = "<group>"; };
		8421E1B31F9A20DF0039D49E /* ForgotPasswordTableViewController.swift */ = {isa = PBXFileReference; fileEncoding = 4; lastKnownFileType = sourcecode.swift; path = ForgotPasswordTableViewController.swift; sourceTree = "<group>"; };
		8421E1B41F9A20DF0039D49E /* HomeTableViewController.swift */ = {isa = PBXFileReference; fileEncoding = 4; lastKnownFileType = sourcecode.swift; path = HomeTableViewController.swift; sourceTree = "<group>"; };
		8421E1B51F9A20DF0039D49E /* HomeViewController.swift */ = {isa = PBXFileReference; fileEncoding = 4; lastKnownFileType = sourcecode.swift; path = HomeViewController.swift; sourceTree = "<group>"; };
		8421E1B61F9A20DF0039D49E /* LoginTableViewController.swift */ = {isa = PBXFileReference; fileEncoding = 4; lastKnownFileType = sourcecode.swift; path = LoginTableViewController.swift; sourceTree = "<group>"; };
		8421E1B71F9A20DF0039D49E /* OTPViewController.swift */ = {isa = PBXFileReference; fileEncoding = 4; lastKnownFileType = sourcecode.swift; path = OTPViewController.swift; sourceTree = "<group>"; };
		8421E1B81F9A20DF0039D49E /* VerifyOTPViewController.swift */ = {isa = PBXFileReference; fileEncoding = 4; lastKnownFileType = sourcecode.swift; path = VerifyOTPViewController.swift; sourceTree = "<group>"; };
		8421E1BA1F9A20DF0039D49E /* ChangePasswordModel.swift */ = {isa = PBXFileReference; fileEncoding = 4; lastKnownFileType = sourcecode.swift; path = ChangePasswordModel.swift; sourceTree = "<group>"; };
		8421E1BB1F9A20DF0039D49E /* ErrorModel.swift */ = {isa = PBXFileReference; fileEncoding = 4; lastKnownFileType = sourcecode.swift; path = ErrorModel.swift; sourceTree = "<group>"; };
		8421E1BC1F9A20DF0039D49E /* ImageModel.swift */ = {isa = PBXFileReference; fileEncoding = 4; lastKnownFileType = sourcecode.swift; path = ImageModel.swift; sourceTree = "<group>"; };
		8421E1BD1F9A20DF0039D49E /* IsSuccessModel.swift */ = {isa = PBXFileReference; fileEncoding = 4; lastKnownFileType = sourcecode.swift; path = IsSuccessModel.swift; sourceTree = "<group>"; };
		8421E1BE1F9A20DF0039D49E /* LoginModel.swift */ = {isa = PBXFileReference; fileEncoding = 4; lastKnownFileType = sourcecode.swift; path = LoginModel.swift; sourceTree = "<group>"; };
		8421E1BF1F9A20DF0039D49E /* RequestPasswordChangeModel.swift */ = {isa = PBXFileReference; fileEncoding = 4; lastKnownFileType = sourcecode.swift; path = RequestPasswordChangeModel.swift; sourceTree = "<group>"; };
		8421E1C01F9A20DF0039D49E /* SaveRestaurantModel.swift */ = {isa = PBXFileReference; fileEncoding = 4; lastKnownFileType = sourcecode.swift; path = SaveRestaurantModel.swift; sourceTree = "<group>"; };
		8421E1C11F9A20DF0039D49E /* SaveRestaurantResponse.swift */ = {isa = PBXFileReference; fileEncoding = 4; lastKnownFileType = sourcecode.swift; path = SaveRestaurantResponse.swift; sourceTree = "<group>"; };
		8421E1C21F9A20DF0039D49E /* SucessModel.swift */ = {isa = PBXFileReference; fileEncoding = 4; lastKnownFileType = sourcecode.swift; path = SucessModel.swift; sourceTree = "<group>"; };
		8421E1C31F9A20DF0039D49E /* UserModel.swift */ = {isa = PBXFileReference; fileEncoding = 4; lastKnownFileType = sourcecode.swift; path = UserModel.swift; sourceTree = "<group>"; };
		8421E1C41F9A20DF0039D49E /* UserModelResponse.swift */ = {isa = PBXFileReference; fileEncoding = 4; lastKnownFileType = sourcecode.swift; path = UserModelResponse.swift; sourceTree = "<group>"; };
		8421E1C51F9A20DF0039D49E /* VerifyOTPModel.swift */ = {isa = PBXFileReference; fileEncoding = 4; lastKnownFileType = sourcecode.swift; path = VerifyOTPModel.swift; sourceTree = "<group>"; };
		8421E1C71F9A20DF0039D49E /* ChangePasswordService+POST.swift */ = {isa = PBXFileReference; fileEncoding = 4; lastKnownFileType = sourcecode.swift; path = "ChangePasswordService+POST.swift"; sourceTree = "<group>"; };
		8421E1C81F9A20DF0039D49E /* ForgotPasswordService+POST.swift */ = {isa = PBXFileReference; fileEncoding = 4; lastKnownFileType = sourcecode.swift; path = "ForgotPasswordService+POST.swift"; sourceTree = "<group>"; };
		8421E1C91F9A20DF0039D49E /* LoginService+POST.swift */ = {isa = PBXFileReference; fileEncoding = 4; lastKnownFileType = sourcecode.swift; path = "LoginService+POST.swift"; sourceTree = "<group>"; };
		8421E1CA1F9A20DF0039D49E /* LogoutService+PUT.swift */ = {isa = PBXFileReference; fileEncoding = 4; lastKnownFileType = sourcecode.swift; path = "LogoutService+PUT.swift"; sourceTree = "<group>"; };
		8421E1CB1F9A20DF0039D49E /* RequestChangePasswordService+PUT.swift */ = {isa = PBXFileReference; fileEncoding = 4; lastKnownFileType = sourcecode.swift; path = "RequestChangePasswordService+PUT.swift"; sourceTree = "<group>"; };
		8421E1CC1F9A20DF0039D49E /* RetryService+POST.swift */ = {isa = PBXFileReference; fileEncoding = 4; lastKnownFileType = sourcecode.swift; path = "RetryService+POST.swift"; sourceTree = "<group>"; };
		8421E1CD1F9A20DF0039D49E /* SaveRestaurantService+POST.swift */ = {isa = PBXFileReference; fileEncoding = 4; lastKnownFileType = sourcecode.swift; path = "SaveRestaurantService+POST.swift"; sourceTree = "<group>"; };
		8421E1CE1F9A20DF0039D49E /* UploadImageService+POST.swift */ = {isa = PBXFileReference; fileEncoding = 4; lastKnownFileType = sourcecode.swift; path = "UploadImageService+POST.swift"; sourceTree = "<group>"; };
		8421E1CF1F9A20DF0039D49E /* ValidateTokenService+GET.swift */ = {isa = PBXFileReference; fileEncoding = 4; lastKnownFileType = sourcecode.swift; path = "ValidateTokenService+GET.swift"; sourceTree = "<group>"; };
		8421E1D01F9A20DF0039D49E /* VerifyOTPService+POST.swift */ = {isa = PBXFileReference; fileEncoding = 4; lastKnownFileType = sourcecode.swift; path = "VerifyOTPService+POST.swift"; sourceTree = "<group>"; };
		8421E1D21F9A20DF0039D49E /* AlertView+Helper.swift */ = {isa = PBXFileReference; fileEncoding = 4; lastKnownFileType = sourcecode.swift; path = "AlertView+Helper.swift"; sourceTree = "<group>"; };
		8421E1D31F9A20DF0039D49E /* BaseViewController.swift */ = {isa = PBXFileReference; fileEncoding = 4; lastKnownFileType = sourcecode.swift; path = BaseViewController.swift; sourceTree = "<group>"; };
		8421E1D41F9A20DF0039D49E /* Constants.swift */ = {isa = PBXFileReference; fileEncoding = 4; lastKnownFileType = sourcecode.swift; path = Constants.swift; sourceTree = "<group>"; };
		8421E1D51F9A20DF0039D49E /* DefaultsKeys.swift */ = {isa = PBXFileReference; fileEncoding = 4; lastKnownFileType = sourcecode.swift; path = DefaultsKeys.swift; sourceTree = "<group>"; };
		8421E1D61F9A20DF0039D49E /* GlossUtils.swift */ = {isa = PBXFileReference; fileEncoding = 4; lastKnownFileType = sourcecode.swift; path = GlossUtils.swift; sourceTree = "<group>"; };
		8421E1D81F9A20DF0039D49E /* LoginUtils.swift */ = {isa = PBXFileReference; fileEncoding = 4; lastKnownFileType = sourcecode.swift; path = LoginUtils.swift; sourceTree = "<group>"; };
		8421E1D91F9A20DF0039D49E /* StringExtension+Helper.swift */ = {isa = PBXFileReference; fileEncoding = 4; lastKnownFileType = sourcecode.swift; path = "StringExtension+Helper.swift"; sourceTree = "<group>"; };
		8421E1DA1F9A20DF0039D49E /* UIImageView+Helper.swift */ = {isa = PBXFileReference; fileEncoding = 4; lastKnownFileType = sourcecode.swift; path = "UIImageView+Helper.swift"; sourceTree = "<group>"; };
		8421E2051F9A21110039D49E /* Assets.xcassets */ = {isa = PBXFileReference; lastKnownFileType = folder.assetcatalog; path = Assets.xcassets; sourceTree = "<group>"; };
		8421E2071F9A27ED0039D49E /* ProgressBarView.swift */ = {isa = PBXFileReference; fileEncoding = 4; lastKnownFileType = sourcecode.swift; path = ProgressBarView.swift; sourceTree = "<group>"; };
		84C58B141FADC09600B83DC9 /* StartWorkingViewController.swift */ = {isa = PBXFileReference; fileEncoding = 4; lastKnownFileType = sourcecode.swift; path = StartWorkingViewController.swift; sourceTree = "<group>"; };
		84C58B161FADC1F800B83DC9 /* StartWorkingService+POST.swift */ = {isa = PBXFileReference; fileEncoding = 4; lastKnownFileType = sourcecode.swift; path = "StartWorkingService+POST.swift"; sourceTree = "<group>"; };
		84C58B181FADC35B00B83DC9 /* AttendenceModel.swift */ = {isa = PBXFileReference; fileEncoding = 4; lastKnownFileType = sourcecode.swift; path = AttendenceModel.swift; sourceTree = "<group>"; };
		84C58B1A1FADC6BB00B83DC9 /* AttendenceModelResponse.swift */ = {isa = PBXFileReference; fileEncoding = 4; lastKnownFileType = sourcecode.swift; path = AttendenceModelResponse.swift; sourceTree = "<group>"; };
		84C58B1C1FADCCD000B83DC9 /* EndWorkingService+POST.swift */ = {isa = PBXFileReference; fileEncoding = 4; lastKnownFileType = sourcecode.swift; path = "EndWorkingService+POST.swift"; sourceTree = "<group>"; };
		84D870061FADAD8300F47702 /* LogoutSucessModel.swift */ = {isa = PBXFileReference; fileEncoding = 4; lastKnownFileType = sourcecode.swift; path = LogoutSucessModel.swift; sourceTree = "<group>"; };
		84DDFEC21FB6E23F00DFCAD1 /* PartnerTableViewCell.swift */ = {isa = PBXFileReference; fileEncoding = 4; lastKnownFileType = sourcecode.swift; path = PartnerTableViewCell.swift; sourceTree = "<group>"; };
		84DDFEC41FB6E86800DFCAD1 /* PartnerService+GET.swift */ = {isa = PBXFileReference; fileEncoding = 4; lastKnownFileType = sourcecode.swift; path = "PartnerService+GET.swift"; sourceTree = "<group>"; };
		84DDFEC61FB6F58800DFCAD1 /* CategoryService+GET.swift */ = {isa = PBXFileReference; fileEncoding = 4; lastKnownFileType = sourcecode.swift; path = "CategoryService+GET.swift"; sourceTree = "<group>"; };
		84DDFEC81FB72C2D00DFCAD1 /* AddPartnerService+POST.swift */ = {isa = PBXFileReference; fileEncoding = 4; lastKnownFileType = sourcecode.swift; path = "AddPartnerService+POST.swift"; sourceTree = "<group>"; };
		84DDFECA1FB78F9C00DFCAD1 /* FootPrintService+POST.swift */ = {isa = PBXFileReference; fileEncoding = 4; lastKnownFileType = sourcecode.swift; path = "FootPrintService+POST.swift"; sourceTree = "<group>"; };
		84DDFECC1FB78FAB00DFCAD1 /* FootPrintModel.swift */ = {isa = PBXFileReference; fileEncoding = 4; lastKnownFileType = sourcecode.swift; path = FootPrintModel.swift; sourceTree = "<group>"; };
		84DDFEFC1FBC494F00DFCAD1 /* FootPrintModelArray.swift */ = {isa = PBXFileReference; fileEncoding = 4; lastKnownFileType = sourcecode.swift; path = FootPrintModelArray.swift; sourceTree = "<group>"; };
		B30F5D7FC6735093ADFE217C /* Pods_MWM.framework */ = {isa = PBXFileReference; explicitFileType = wrapper.framework; includeInIndex = 0; path = Pods_MWM.framework; sourceTree = BUILT_PRODUCTS_DIR; };
		C4E2AC5CB5AC7A69AF5F2F6A /* Pods-MWM.debug.xcconfig */ = {isa = PBXFileReference; includeInIndex = 1; lastKnownFileType = text.xcconfig; name = "Pods-MWM.debug.xcconfig"; path = "Pods/Target Support Files/Pods-MWM/Pods-MWM.debug.xcconfig"; sourceTree = "<group>"; };
/* End PBXFileReference section */

/* Begin PBXFrameworksBuildPhase section */
		8421E1911F9A1FA10039D49E /* Frameworks */ = {
			isa = PBXFrameworksBuildPhase;
			buildActionMask = 2147483647;
			files = (
				D974AAF45F414F3B10BE5C75 /* Pods_MWM.framework in Frameworks */,
			);
			runOnlyForDeploymentPostprocessing = 0;
		};
/* End PBXFrameworksBuildPhase section */

/* Begin PBXGroup section */
		1E479C49A4B333558BBB374C /* Frameworks */ = {
			isa = PBXGroup;
			children = (
				B30F5D7FC6735093ADFE217C /* Pods_MWM.framework */,
			);
			name = Frameworks;
			sourceTree = "<group>";
		};
		8421E18B1F9A1FA10039D49E = {
			isa = PBXGroup;
			children = (
				8421E1961F9A1FA10039D49E /* MWM */,
				8421E1951F9A1FA10039D49E /* Products */,
				AC487C2220BCC45C38BF7DED /* Pods */,
				1E479C49A4B333558BBB374C /* Frameworks */,
			);
			sourceTree = "<group>";
		};
		8421E1951F9A1FA10039D49E /* Products */ = {
			isa = PBXGroup;
			children = (
				8421E1941F9A1FA10039D49E /* MWM.app */,
			);
			name = Products;
			sourceTree = "<group>";
		};
		8421E1961F9A1FA10039D49E /* MWM */ = {
			isa = PBXGroup;
			children = (
				8421E2051F9A21110039D49E /* Assets.xcassets */,
				8421E1A91F9A20DF0039D49E /* AppDelegate */,
				8421E1AC1F9A20DF0039D49E /* Base.lproj */,
				8421E1B11F9A20DF0039D49E /* Controller */,
				8421E1B91F9A20DF0039D49E /* Model */,
				8421E1C61F9A20DF0039D49E /* Services */,
				8421E1D11F9A20DF0039D49E /* Utils */,
				8421E19B1F9A1FA10039D49E /* Main.storyboard */,
				84DDFEC21FB6E23F00DFCAD1 /* PartnerTableViewCell.swift */,
				8421E1A01F9A1FA10039D49E /* LaunchScreen.storyboard */,
				8421E1A31F9A1FA10039D49E /* Info.plist */,
				8421E2071F9A27ED0039D49E /* ProgressBarView.swift */,
			);
			path = MWM;
			sourceTree = "<group>";
		};
		8421E1A91F9A20DF0039D49E /* AppDelegate */ = {
			isa = PBXGroup;
			children = (
				8421E1AA1F9A20DF0039D49E /* AppDelegate.swift */,
			);
			path = AppDelegate;
			sourceTree = "<group>";
		};
		8421E1AC1F9A20DF0039D49E /* Base.lproj */ = {
			isa = PBXGroup;
			children = (
				8421E1AD1F9A20DF0039D49E /* LaunchScreen.storyboard */,
				8421E1AF1F9A20DF0039D49E /* Main.storyboard */,
			);
			path = Base.lproj;
			sourceTree = "<group>";
		};
		8421E1B11F9A20DF0039D49E /* Controller */ = {
			isa = PBXGroup;
			children = (
				8421E1B21F9A20DF0039D49E /* ChangePasswordTableViewController.swift */,
				8421E1B31F9A20DF0039D49E /* ForgotPasswordTableViewController.swift */,
				8421E1B41F9A20DF0039D49E /* HomeTableViewController.swift */,
				8421E1B51F9A20DF0039D49E /* HomeViewController.swift */,
				8421E1B61F9A20DF0039D49E /* LoginTableViewController.swift */,
				8421E1B71F9A20DF0039D49E /* OTPViewController.swift */,
				8421E1B81F9A20DF0039D49E /* VerifyOTPViewController.swift */,
				84C58B141FADC09600B83DC9 /* StartWorkingViewController.swift */,
			);
			path = Controller;
			sourceTree = "<group>";
		};
		8421E1B91F9A20DF0039D49E /* Model */ = {
			isa = PBXGroup;
			children = (
				8421E1BA1F9A20DF0039D49E /* ChangePasswordModel.swift */,
				8421E1BB1F9A20DF0039D49E /* ErrorModel.swift */,
				8421E1BC1F9A20DF0039D49E /* ImageModel.swift */,
				8421E1BD1F9A20DF0039D49E /* IsSuccessModel.swift */,
				8421E1BE1F9A20DF0039D49E /* LoginModel.swift */,
				8421E1BF1F9A20DF0039D49E /* RequestPasswordChangeModel.swift */,
				8421E1C01F9A20DF0039D49E /* SaveRestaurantModel.swift */,
				8421E1C11F9A20DF0039D49E /* SaveRestaurantResponse.swift */,
				8421E1C21F9A20DF0039D49E /* SucessModel.swift */,
				8421E1C31F9A20DF0039D49E /* UserModel.swift */,
				8421E1C41F9A20DF0039D49E /* UserModelResponse.swift */,
				8421E1C51F9A20DF0039D49E /* VerifyOTPModel.swift */,
				84D870061FADAD8300F47702 /* LogoutSucessModel.swift */,
				84C58B181FADC35B00B83DC9 /* AttendenceModel.swift */,
				84C58B1A1FADC6BB00B83DC9 /* AttendenceModelResponse.swift */,
				84DDFECC1FB78FAB00DFCAD1 /* FootPrintModel.swift */,
				84DDFEFC1FBC494F00DFCAD1 /* FootPrintModelArray.swift */,
			);
			path = Model;
			sourceTree = "<group>";
		};
		8421E1C61F9A20DF0039D49E /* Services */ = {
			isa = PBXGroup;
			children = (
				8421E1C71F9A20DF0039D49E /* ChangePasswordService+POST.swift */,
				8421E1C81F9A20DF0039D49E /* ForgotPasswordService+POST.swift */,
				8421E1C91F9A20DF0039D49E /* LoginService+POST.swift */,
				8421E1CA1F9A20DF0039D49E /* LogoutService+PUT.swift */,
				8421E1CB1F9A20DF0039D49E /* RequestChangePasswordService+PUT.swift */,
				8421E1CC1F9A20DF0039D49E /* RetryService+POST.swift */,
				8421E1CD1F9A20DF0039D49E /* SaveRestaurantService+POST.swift */,
				8421E1CE1F9A20DF0039D49E /* UploadImageService+POST.swift */,
				8421E1CF1F9A20DF0039D49E /* ValidateTokenService+GET.swift */,
				8421E1D01F9A20DF0039D49E /* VerifyOTPService+POST.swift */,
				84C58B161FADC1F800B83DC9 /* StartWorkingService+POST.swift */,
				84C58B1C1FADCCD000B83DC9 /* EndWorkingService+POST.swift */,
				84DDFEC41FB6E86800DFCAD1 /* PartnerService+GET.swift */,
				84DDFEC61FB6F58800DFCAD1 /* CategoryService+GET.swift */,
				84DDFEC81FB72C2D00DFCAD1 /* AddPartnerService+POST.swift */,
				84DDFECA1FB78F9C00DFCAD1 /* FootPrintService+POST.swift */,
			);
			path = Services;
			sourceTree = "<group>";
		};
		8421E1D11F9A20DF0039D49E /* Utils */ = {
			isa = PBXGroup;
			children = (
				8421E1D21F9A20DF0039D49E /* AlertView+Helper.swift */,
				8421E1D31F9A20DF0039D49E /* BaseViewController.swift */,
				8421E1D41F9A20DF0039D49E /* Constants.swift */,
				8421E1D51F9A20DF0039D49E /* DefaultsKeys.swift */,
				8421E1D61F9A20DF0039D49E /* GlossUtils.swift */,
				8421E1D81F9A20DF0039D49E /* LoginUtils.swift */,
				8421E1D91F9A20DF0039D49E /* StringExtension+Helper.swift */,
				8421E1DA1F9A20DF0039D49E /* UIImageView+Helper.swift */,
			);
			path = Utils;
			sourceTree = "<group>";
		};
		AC487C2220BCC45C38BF7DED /* Pods */ = {
			isa = PBXGroup;
			children = (
				C4E2AC5CB5AC7A69AF5F2F6A /* Pods-MWM.debug.xcconfig */,
				47B5FC654CF90938F5FC2993 /* Pods-MWM.release.xcconfig */,
			);
			name = Pods;
			sourceTree = "<group>";
		};
/* End PBXGroup section */

/* Begin PBXNativeTarget section */
		8421E1931F9A1FA10039D49E /* MWM */ = {
			isa = PBXNativeTarget;
			buildConfigurationList = 8421E1A61F9A1FA10039D49E /* Build configuration list for PBXNativeTarget "MWM" */;
			buildPhases = (
				2A9AB5907B21D9D5A700356E /* [CP] Check Pods Manifest.lock */,
				8421E1901F9A1FA10039D49E /* Sources */,
				8421E1911F9A1FA10039D49E /* Frameworks */,
				8421E1921F9A1FA10039D49E /* Resources */,
				26D21B0E4276CF8DD43D9EE6 /* [CP] Embed Pods Frameworks */,
				BE21831E952EBD65BDC5A848 /* [CP] Copy Pods Resources */,
			);
			buildRules = (
			);
			dependencies = (
			);
			name = MWM;
			productName = MWM;
			productReference = 8421E1941F9A1FA10039D49E /* MWM.app */;
			productType = "com.apple.product-type.application";
		};
/* End PBXNativeTarget section */

/* Begin PBXProject section */
		8421E18C1F9A1FA10039D49E /* Project object */ = {
			isa = PBXProject;
			attributes = {
				LastSwiftUpdateCheck = 0830;
				LastUpgradeCheck = 0830;
				ORGANIZATIONNAME = Techximum;
				TargetAttributes = {
					8421E1931F9A1FA10039D49E = {
						CreatedOnToolsVersion = 8.3.3;
						DevelopmentTeam = VZC96B7N35;
						ProvisioningStyle = Automatic;
					};
				};
			};
			buildConfigurationList = 8421E18F1F9A1FA10039D49E /* Build configuration list for PBXProject "MWM" */;
			compatibilityVersion = "Xcode 3.2";
			developmentRegion = English;
			hasScannedForEncodings = 0;
			knownRegions = (
				en,
				Base,
			);
			mainGroup = 8421E18B1F9A1FA10039D49E;
			productRefGroup = 8421E1951F9A1FA10039D49E /* Products */;
			projectDirPath = "";
			projectRoot = "";
			targets = (
				8421E1931F9A1FA10039D49E /* MWM */,
			);
		};
/* End PBXProject section */

/* Begin PBXResourcesBuildPhase section */
		8421E1921F9A1FA10039D49E /* Resources */ = {
			isa = PBXResourcesBuildPhase;
			buildActionMask = 2147483647;
			files = (
				8421E1A21F9A1FA10039D49E /* LaunchScreen.storyboard in Resources */,
				8421E1DE1F9A20DF0039D49E /* Main.storyboard in Resources */,
				8421E1DD1F9A20DF0039D49E /* LaunchScreen.storyboard in Resources */,
				8421E19D1F9A1FA10039D49E /* Main.storyboard in Resources */,
				8421E2061F9A21110039D49E /* Assets.xcassets in Resources */,
			);
			runOnlyForDeploymentPostprocessing = 0;
		};
/* End PBXResourcesBuildPhase section */

/* Begin PBXShellScriptBuildPhase section */
		26D21B0E4276CF8DD43D9EE6 /* [CP] Embed Pods Frameworks */ = {
			isa = PBXShellScriptBuildPhase;
			buildActionMask = 2147483647;
			files = (
			);
			inputPaths = (
				"${SRCROOT}/Pods/Target Support Files/Pods-MWM/Pods-MWM-frameworks.sh",
				"${BUILT_PRODUCTS_DIR}/Alamofire/Alamofire.framework",
				"${BUILT_PRODUCTS_DIR}/Gloss/Gloss.framework",
				"${BUILT_PRODUCTS_DIR}/IQKeyboardManager/IQKeyboardManager.framework",
				"${BUILT_PRODUCTS_DIR}/MBProgressHUD/MBProgressHUD.framework",
				"${BUILT_PRODUCTS_DIR}/SwiftyUserDefaults/SwiftyUserDefaults.framework",
			);
			name = "[CP] Embed Pods Frameworks";
			outputPaths = (
				"${TARGET_BUILD_DIR}/${FRAMEWORKS_FOLDER_PATH}/Alamofire.framework",
				"${TARGET_BUILD_DIR}/${FRAMEWORKS_FOLDER_PATH}/Gloss.framework",
				"${TARGET_BUILD_DIR}/${FRAMEWORKS_FOLDER_PATH}/IQKeyboardManager.framework",
				"${TARGET_BUILD_DIR}/${FRAMEWORKS_FOLDER_PATH}/MBProgressHUD.framework",
				"${TARGET_BUILD_DIR}/${FRAMEWORKS_FOLDER_PATH}/SwiftyUserDefaults.framework",
			);
			runOnlyForDeploymentPostprocessing = 0;
			shellPath = /bin/sh;
			shellScript = "\"${SRCROOT}/Pods/Target Support Files/Pods-MWM/Pods-MWM-frameworks.sh\"\n";
			showEnvVarsInLog = 0;
		};
		2A9AB5907B21D9D5A700356E /* [CP] Check Pods Manifest.lock */ = {
			isa = PBXShellScriptBuildPhase;
			buildActionMask = 2147483647;
			files = (
			);
			inputPaths = (
				"${PODS_PODFILE_DIR_PATH}/Podfile.lock",
				"${PODS_ROOT}/Manifest.lock",
			);
			name = "[CP] Check Pods Manifest.lock";
			outputPaths = (
				"$(DERIVED_FILE_DIR)/Pods-MWM-checkManifestLockResult.txt",
			);
			runOnlyForDeploymentPostprocessing = 0;
			shellPath = /bin/sh;
			shellScript = "diff \"${PODS_PODFILE_DIR_PATH}/Podfile.lock\" \"${PODS_ROOT}/Manifest.lock\" > /dev/null\nif [ $? != 0 ] ; then\n    # print error to STDERR\n    echo \"error: The sandbox is not in sync with the Podfile.lock. Run 'pod install' or update your CocoaPods installation.\" >&2\n    exit 1\nfi\n# This output is used by Xcode 'outputs' to avoid re-running this script phase.\necho \"SUCCESS\" > \"${SCRIPT_OUTPUT_FILE_0}\"\n";
			showEnvVarsInLog = 0;
		};
		BE21831E952EBD65BDC5A848 /* [CP] Copy Pods Resources */ = {
			isa = PBXShellScriptBuildPhase;
			buildActionMask = 2147483647;
			files = (
			);
			inputPaths = (
			);
			name = "[CP] Copy Pods Resources";
			outputPaths = (
			);
			runOnlyForDeploymentPostprocessing = 0;
			shellPath = /bin/sh;
			shellScript = "\"${SRCROOT}/Pods/Target Support Files/Pods-MWM/Pods-MWM-resources.sh\"\n";
			showEnvVarsInLog = 0;
		};
/* End PBXShellScriptBuildPhase section */

/* Begin PBXSourcesBuildPhase section */
		8421E1901F9A1FA10039D49E /* Sources */ = {
			isa = PBXSourcesBuildPhase;
			buildActionMask = 2147483647;
			files = (
				8421E1FB1F9A20DF0039D49E /* VerifyOTPService+POST.swift in Sources */,
				8421E1F41F9A20DF0039D49E /* LoginService+POST.swift in Sources */,
				84DDFEC31FB6E23F00DFCAD1 /* PartnerTableViewCell.swift in Sources */,
				84DDFEC91FB72C2D00DFCAD1 /* AddPartnerService+POST.swift in Sources */,
				8421E1E81F9A20DF0039D49E /* ImageModel.swift in Sources */,
				8421E1F71F9A20DF0039D49E /* RetryService+POST.swift in Sources */,
				84C58B171FADC1F800B83DC9 /* StartWorkingService+POST.swift in Sources */,
				8421E1E71F9A20DF0039D49E /* ErrorModel.swift in Sources */,
				8421E1EC1F9A20DF0039D49E /* SaveRestaurantModel.swift in Sources */,
				84DDFECD1FB78FAB00DFCAD1 /* FootPrintModel.swift in Sources */,
				8421E1E21F9A20DF0039D49E /* HomeViewController.swift in Sources */,
				8421E1E11F9A20DF0039D49E /* HomeTableViewController.swift in Sources */,
				8421E2001F9A20DF0039D49E /* GlossUtils.swift in Sources */,
				8421E1DF1F9A20DF0039D49E /* ChangePasswordTableViewController.swift in Sources */,
				8421E1F21F9A20DF0039D49E /* ChangePasswordService+POST.swift in Sources */,
				84C58B191FADC35B00B83DC9 /* AttendenceModel.swift in Sources */,
				84DDFEC71FB6F58800DFCAD1 /* CategoryService+GET.swift in Sources */,
				84D870071FADAD8300F47702 /* LogoutSucessModel.swift in Sources */,
				8421E2041F9A20DF0039D49E /* UIImageView+Helper.swift in Sources */,
				8421E1F51F9A20DF0039D49E /* LogoutService+PUT.swift in Sources */,
				8421E1DB1F9A20DF0039D49E /* AppDelegate.swift in Sources */,
				8421E1F81F9A20DF0039D49E /* SaveRestaurantService+POST.swift in Sources */,
				8421E1FD1F9A20DF0039D49E /* BaseViewController.swift in Sources */,
				8421E1E61F9A20DF0039D49E /* ChangePasswordModel.swift in Sources */,
				8421E1F11F9A20DF0039D49E /* VerifyOTPModel.swift in Sources */,
				8421E1F31F9A20DF0039D49E /* ForgotPasswordService+POST.swift in Sources */,
				8421E1E01F9A20DF0039D49E /* ForgotPasswordTableViewController.swift in Sources */,
				84C58B1D1FADCCD000B83DC9 /* EndWorkingService+POST.swift in Sources */,
				8421E1EB1F9A20DF0039D49E /* RequestPasswordChangeModel.swift in Sources */,
				8421E1F01F9A20DF0039D49E /* UserModelResponse.swift in Sources */,
				8421E1FA1F9A20DF0039D49E /* ValidateTokenService+GET.swift in Sources */,
				8421E2031F9A20DF0039D49E /* StringExtension+Helper.swift in Sources */,
				84DDFECB1FB78F9C00DFCAD1 /* FootPrintService+POST.swift in Sources */,
				8421E1F91F9A20DF0039D49E /* UploadImageService+POST.swift in Sources */,
				8421E1EE1F9A20DF0039D49E /* SucessModel.swift in Sources */,
				8421E1FE1F9A20DF0039D49E /* Constants.swift in Sources */,
				8421E1EA1F9A20DF0039D49E /* LoginModel.swift in Sources */,
				8421E1E41F9A20DF0039D49E /* OTPViewController.swift in Sources */,
				8421E1E91F9A20DF0039D49E /* IsSuccessModel.swift in Sources */,
				8421E1E31F9A20DF0039D49E /* LoginTableViewController.swift in Sources */,
				8421E1ED1F9A20DF0039D49E /* SaveRestaurantResponse.swift in Sources */,
				84C58B151FADC09600B83DC9 /* StartWorkingViewController.swift in Sources */,
				8421E1EF1F9A20DF0039D49E /* UserModel.swift in Sources */,
				8421E2021F9A20DF0039D49E /* LoginUtils.swift in Sources */,
				8421E1E51F9A20DF0039D49E /* VerifyOTPViewController.swift in Sources */,
				84C58B1B1FADC6BB00B83DC9 /* AttendenceModelResponse.swift in Sources */,
				8421E1F61F9A20DF0039D49E /* RequestChangePasswordService+PUT.swift in Sources */,
				8421E1FC1F9A20DF0039D49E /* AlertView+Helper.swift in Sources */,
				8421E2081F9A27ED0039D49E /* ProgressBarView.swift in Sources */,
				84DDFEFD1FBC494F00DFCAD1 /* FootPrintModelArray.swift in Sources */,
				84DDFEC51FB6E86800DFCAD1 /* PartnerService+GET.swift in Sources */,
				8421E1FF1F9A20DF0039D49E /* DefaultsKeys.swift in Sources */,
			);
			runOnlyForDeploymentPostprocessing = 0;
		};
/* End PBXSourcesBuildPhase section */

/* Begin PBXVariantGroup section */
		8421E19B1F9A1FA10039D49E /* Main.storyboard */ = {
			isa = PBXVariantGroup;
			children = (
				8421E19C1F9A1FA10039D49E /* Base */,
			);
			name = Main.storyboard;
			sourceTree = "<group>";
		};
		8421E1A01F9A1FA10039D49E /* LaunchScreen.storyboard */ = {
			isa = PBXVariantGroup;
			children = (
				8421E1A11F9A1FA10039D49E /* Base */,
			);
			name = LaunchScreen.storyboard;
			sourceTree = "<group>";
		};
		8421E1AD1F9A20DF0039D49E /* LaunchScreen.storyboard */ = {
			isa = PBXVariantGroup;
			children = (
				8421E1AE1F9A20DF0039D49E /* Base */,
			);
			name = LaunchScreen.storyboard;
			sourceTree = "<group>";
		};
		8421E1AF1F9A20DF0039D49E /* Main.storyboard */ = {
			isa = PBXVariantGroup;
			children = (
				8421E1B01F9A20DF0039D49E /* Base */,
			);
			name = Main.storyboard;
			sourceTree = "<group>";
		};
/* End PBXVariantGroup section */

/* Begin XCBuildConfiguration section */
		8421E1A41F9A1FA10039D49E /* Debug */ = {
			isa = XCBuildConfiguration;
			buildSettings = {
				ALWAYS_SEARCH_USER_PATHS = NO;
				CLANG_ANALYZER_NONNULL = YES;
				CLANG_ANALYZER_NUMBER_OBJECT_CONVERSION = YES_AGGRESSIVE;
				CLANG_CXX_LANGUAGE_STANDARD = "gnu++0x";
				CLANG_CXX_LIBRARY = "libc++";
				CLANG_ENABLE_MODULES = YES;
				CLANG_ENABLE_OBJC_ARC = YES;
				CLANG_WARN_BOOL_CONVERSION = YES;
				CLANG_WARN_CONSTANT_CONVERSION = YES;
				CLANG_WARN_DIRECT_OBJC_ISA_USAGE = YES_ERROR;
				CLANG_WARN_DOCUMENTATION_COMMENTS = YES;
				CLANG_WARN_EMPTY_BODY = YES;
				CLANG_WARN_ENUM_CONVERSION = YES;
				CLANG_WARN_INFINITE_RECURSION = YES;
				CLANG_WARN_INT_CONVERSION = YES;
				CLANG_WARN_OBJC_ROOT_CLASS = YES_ERROR;
				CLANG_WARN_SUSPICIOUS_MOVE = YES;
				CLANG_WARN_UNREACHABLE_CODE = YES;
				CLANG_WARN__DUPLICATE_METHOD_MATCH = YES;
				"CODE_SIGN_IDENTITY[sdk=iphoneos*]" = "iPhone Developer";
				COPY_PHASE_STRIP = NO;
				DEBUG_INFORMATION_FORMAT = dwarf;
				ENABLE_STRICT_OBJC_MSGSEND = YES;
				ENABLE_TESTABILITY = YES;
				GCC_C_LANGUAGE_STANDARD = gnu99;
				GCC_DYNAMIC_NO_PIC = NO;
				GCC_NO_COMMON_BLOCKS = YES;
				GCC_OPTIMIZATION_LEVEL = 0;
				GCC_PREPROCESSOR_DEFINITIONS = (
					"DEBUG=1",
					"$(inherited)",
				);
				GCC_WARN_64_TO_32_BIT_CONVERSION = YES;
				GCC_WARN_ABOUT_RETURN_TYPE = YES_ERROR;
				GCC_WARN_UNDECLARED_SELECTOR = YES;
				GCC_WARN_UNINITIALIZED_AUTOS = YES_AGGRESSIVE;
				GCC_WARN_UNUSED_FUNCTION = YES;
				GCC_WARN_UNUSED_VARIABLE = YES;
				IPHONEOS_DEPLOYMENT_TARGET = 10.3;
				MTL_ENABLE_DEBUG_INFO = YES;
				ONLY_ACTIVE_ARCH = YES;
				SDKROOT = iphoneos;
				SWIFT_ACTIVE_COMPILATION_CONDITIONS = DEBUG;
				SWIFT_OPTIMIZATION_LEVEL = "-Onone";
				TARGETED_DEVICE_FAMILY = "1,2";
			};
			name = Debug;
		};
		8421E1A51F9A1FA10039D49E /* Release */ = {
			isa = XCBuildConfiguration;
			buildSettings = {
				ALWAYS_SEARCH_USER_PATHS = NO;
				CLANG_ANALYZER_NONNULL = YES;
				CLANG_ANALYZER_NUMBER_OBJECT_CONVERSION = YES_AGGRESSIVE;
				CLANG_CXX_LANGUAGE_STANDARD = "gnu++0x";
				CLANG_CXX_LIBRARY = "libc++";
				CLANG_ENABLE_MODULES = YES;
				CLANG_ENABLE_OBJC_ARC = YES;
				CLANG_WARN_BOOL_CONVERSION = YES;
				CLANG_WARN_CONSTANT_CONVERSION = YES;
				CLANG_WARN_DIRECT_OBJC_ISA_USAGE = YES_ERROR;
				CLANG_WARN_DOCUMENTATION_COMMENTS = YES;
				CLANG_WARN_EMPTY_BODY = YES;
				CLANG_WARN_ENUM_CONVERSION = YES;
				CLANG_WARN_INFINITE_RECURSION = YES;
				CLANG_WARN_INT_CONVERSION = YES;
				CLANG_WARN_OBJC_ROOT_CLASS = YES_ERROR;
				CLANG_WARN_SUSPICIOUS_MOVE = YES;
				CLANG_WARN_UNREACHABLE_CODE = YES;
				CLANG_WARN__DUPLICATE_METHOD_MATCH = YES;
				"CODE_SIGN_IDENTITY[sdk=iphoneos*]" = "iPhone Developer";
				COPY_PHASE_STRIP = NO;
				DEBUG_INFORMATION_FORMAT = "dwarf-with-dsym";
				ENABLE_NS_ASSERTIONS = NO;
				ENABLE_STRICT_OBJC_MSGSEND = YES;
				GCC_C_LANGUAGE_STANDARD = gnu99;
				GCC_NO_COMMON_BLOCKS = YES;
				GCC_WARN_64_TO_32_BIT_CONVERSION = YES;
				GCC_WARN_ABOUT_RETURN_TYPE = YES_ERROR;
				GCC_WARN_UNDECLARED_SELECTOR = YES;
				GCC_WARN_UNINITIALIZED_AUTOS = YES_AGGRESSIVE;
				GCC_WARN_UNUSED_FUNCTION = YES;
				GCC_WARN_UNUSED_VARIABLE = YES;
				IPHONEOS_DEPLOYMENT_TARGET = 10.3;
				MTL_ENABLE_DEBUG_INFO = NO;
				SDKROOT = iphoneos;
				SWIFT_OPTIMIZATION_LEVEL = "-Owholemodule";
				TARGETED_DEVICE_FAMILY = "1,2";
				VALIDATE_PRODUCT = YES;
			};
			name = Release;
		};
		8421E1A71F9A1FA10039D49E /* Debug */ = {
			isa = XCBuildConfiguration;
			baseConfigurationReference = C4E2AC5CB5AC7A69AF5F2F6A /* Pods-MWM.debug.xcconfig */;
			buildSettings = {
				ASSETCATALOG_COMPILER_APPICON_NAME = AppIcon;
				DEVELOPMENT_TEAM = VZC96B7N35;
				INFOPLIST_FILE = MWM/Info.plist;
				LD_RUNPATH_SEARCH_PATHS = "$(inherited) @executable_path/Frameworks";
				PRODUCT_BUNDLE_IDENTIFIER = com.novuse.mwm;
				PRODUCT_NAME = "$(TARGET_NAME)";
				SWIFT_VERSION = 3.0;
			};
			name = Debug;
		};
		8421E1A81F9A1FA10039D49E /* Release */ = {
			isa = XCBuildConfiguration;
			baseConfigurationReference = 47B5FC654CF90938F5FC2993 /* Pods-MWM.release.xcconfig */;
			buildSettings = {
				ASSETCATALOG_COMPILER_APPICON_NAME = AppIcon;
				DEVELOPMENT_TEAM = VZC96B7N35;
				INFOPLIST_FILE = MWM/Info.plist;
				LD_RUNPATH_SEARCH_PATHS = "$(inherited) @executable_path/Frameworks";
				PRODUCT_BUNDLE_IDENTIFIER = com.novuse.mwm;
				PRODUCT_NAME = "$(TARGET_NAME)";
				SWIFT_VERSION = 3.0;
			};
			name = Release;
		};
/* End XCBuildConfiguration section */

/* Begin XCConfigurationList section */
		8421E18F1F9A1FA10039D49E /* Build configuration list for PBXProject "MWM" */ = {
			isa = XCConfigurationList;
			buildConfigurations = (
				8421E1A41F9A1FA10039D49E /* Debug */,
				8421E1A51F9A1FA10039D49E /* Release */,
			);
			defaultConfigurationIsVisible = 0;
			defaultConfigurationName = Release;
		};
		8421E1A61F9A1FA10039D49E /* Build configuration list for PBXNativeTarget "MWM" */ = {
			isa = XCConfigurationList;
			buildConfigurations = (
				8421E1A71F9A1FA10039D49E /* Debug */,
				8421E1A81F9A1FA10039D49E /* Release */,
			);
			defaultConfigurationIsVisible = 0;
			defaultConfigurationName = Release;
		};
/* End XCConfigurationList section */
	};
	rootObject = 8421E18C1F9A1FA10039D49E /* Project object */;
}
